// !$*UTF8*$!
{
	archiveVersion = 1;
	classes = {
	};
	objectVersion = 56;
	objects = {

/* Begin PBXBuildFile section */
		153A8688D85DAD588F787629 /* Pods_NYCHighSchools.framework in Frameworks */ = {isa = PBXBuildFile; fileRef = 6850F52ABE97025F24CEA3A0 /* Pods_NYCHighSchools.framework */; };
		672534B7E6D207D01DC1AE7E /* Pods_NYCHighSchools_NYCHighSchoolsUITests.framework in Frameworks */ = {isa = PBXBuildFile; fileRef = 367650B9155F9FC66D5AFA50 /* Pods_NYCHighSchools_NYCHighSchoolsUITests.framework */; };
		87F2A5A8DD7D2F62D0C27120 /* Pods_NYCHighSchoolsTests.framework in Frameworks */ = {isa = PBXBuildFile; fileRef = 3D95BE0FB76BA592944663AE /* Pods_NYCHighSchoolsTests.framework */; };
		B40AF1432B73E0E20058194C /* NYCHighSchoolsApp.swift in Sources */ = {isa = PBXBuildFile; fileRef = B40AF1422B73E0E20058194C /* NYCHighSchoolsApp.swift */; };
		B40AF1452B73E0E20058194C /* ContentView.swift in Sources */ = {isa = PBXBuildFile; fileRef = B40AF1442B73E0E20058194C /* ContentView.swift */; };
		B40AF1472B73E0EA0058194C /* Assets.xcassets in Resources */ = {isa = PBXBuildFile; fileRef = B40AF1462B73E0EA0058194C /* Assets.xcassets */; };
		B40AF14A2B73E0EA0058194C /* Preview Assets.xcassets in Resources */ = {isa = PBXBuildFile; fileRef = B40AF1492B73E0EA0058194C /* Preview Assets.xcassets */; };
		B40AF1542B73E0EB0058194C /* NYCHighSchoolsTests.swift in Sources */ = {isa = PBXBuildFile; fileRef = B40AF1532B73E0EB0058194C /* NYCHighSchoolsTests.swift */; };
		B40AF15E2B73E0EB0058194C /* NYCHighSchoolsUITests.swift in Sources */ = {isa = PBXBuildFile; fileRef = B40AF15D2B73E0EB0058194C /* NYCHighSchoolsUITests.swift */; };
		B40AF1602B73E0EB0058194C /* NYCHighSchoolsUITestsLaunchTests.swift in Sources */ = {isa = PBXBuildFile; fileRef = B40AF15F2B73E0EB0058194C /* NYCHighSchoolsUITestsLaunchTests.swift */; };
		B40AF16D2B73E2050058194C /* NYCSchool.swift in Sources */ = {isa = PBXBuildFile; fileRef = B40AF16C2B73E2050058194C /* NYCSchool.swift */; };
		B40AF16F2B73E9090058194C /* NYCSchoolRepository.swift in Sources */ = {isa = PBXBuildFile; fileRef = B40AF16E2B73E9090058194C /* NYCSchoolRepository.swift */; };
		B40AF1712B73E9370058194C /* NYCViewModel.swift in Sources */ = {isa = PBXBuildFile; fileRef = B40AF1702B73E9370058194C /* NYCViewModel.swift */; };
		B40AF1732B73F80D0058194C /* DetailView.swift in Sources */ = {isa = PBXBuildFile; fileRef = B40AF1722B73F80D0058194C /* DetailView.swift */; };
		B40AF1752B740ACC0058194C /* NYCViewModelTests.swift in Sources */ = {isa = PBXBuildFile; fileRef = B40AF1742B740ACC0058194C /* NYCViewModelTests.swift */; };
		B40AF17D2B743DE90058194C /* FetchNYCSchoolsUseCase.swift in Sources */ = {isa = PBXBuildFile; fileRef = B40AF17C2B743DE90058194C /* FetchNYCSchoolsUseCase.swift */; };
		B4CED0652B7FEA5800F7DC20 /* CleanArchitecture.framework in Frameworks */ = {isa = PBXBuildFile; fileRef = B4CED0642B7FEA3F00F7DC20 /* CleanArchitecture.framework */; };
/* End PBXBuildFile section */

/* Begin PBXContainerItemProxy section */
		B40AF1502B73E0EB0058194C /* PBXContainerItemProxy */ = {
			isa = PBXContainerItemProxy;
			containerPortal = B40AF1372B73E0E20058194C /* Project object */;
			proxyType = 1;
			remoteGlobalIDString = B40AF13E2B73E0E20058194C;
			remoteInfo = NYCHighSchools;
		};
		B40AF15A2B73E0EB0058194C /* PBXContainerItemProxy */ = {
			isa = PBXContainerItemProxy;
			containerPortal = B40AF1372B73E0E20058194C /* Project object */;
			proxyType = 1;
			remoteGlobalIDString = B40AF13E2B73E0E20058194C;
			remoteInfo = NYCHighSchools;
		};
		B4CED0632B7FEA3F00F7DC20 /* PBXContainerItemProxy */ = {
			isa = PBXContainerItemProxy;
			containerPortal = B4CED05F2B7FEA3F00F7DC20 /* CleanArchitecture.xcodeproj */;
			proxyType = 2;
			remoteGlobalIDString = B4CED0302B7FE88D00F7DC20;
			remoteInfo = CleanArchitecture;
		};
/* End PBXContainerItemProxy section */

/* Begin PBXFileReference section */
		04895D1D375C5F2614B95C35 /* Pods-NYCHighSchoolsTests.debug.xcconfig */ = {isa = PBXFileReference; includeInIndex = 1; lastKnownFileType = text.xcconfig; name = "Pods-NYCHighSchoolsTests.debug.xcconfig"; path = "Target Support Files/Pods-NYCHighSchoolsTests/Pods-NYCHighSchoolsTests.debug.xcconfig"; sourceTree = "<group>"; };
		0709C3F4059F2C3BE6760A58 /* Pods-NYCHighSchools.debug.xcconfig */ = {isa = PBXFileReference; includeInIndex = 1; lastKnownFileType = text.xcconfig; name = "Pods-NYCHighSchools.debug.xcconfig"; path = "Target Support Files/Pods-NYCHighSchools/Pods-NYCHighSchools.debug.xcconfig"; sourceTree = "<group>"; };
		0C4BDEF528B86F21991CE4EC /* Pods-NYCHighSchoolsTests.release.xcconfig */ = {isa = PBXFileReference; includeInIndex = 1; lastKnownFileType = text.xcconfig; name = "Pods-NYCHighSchoolsTests.release.xcconfig"; path = "Target Support Files/Pods-NYCHighSchoolsTests/Pods-NYCHighSchoolsTests.release.xcconfig"; sourceTree = "<group>"; };
		367650B9155F9FC66D5AFA50 /* Pods_NYCHighSchools_NYCHighSchoolsUITests.framework */ = {isa = PBXFileReference; explicitFileType = wrapper.framework; includeInIndex = 0; path = Pods_NYCHighSchools_NYCHighSchoolsUITests.framework; sourceTree = BUILT_PRODUCTS_DIR; };
		3D95BE0FB76BA592944663AE /* Pods_NYCHighSchoolsTests.framework */ = {isa = PBXFileReference; explicitFileType = wrapper.framework; includeInIndex = 0; path = Pods_NYCHighSchoolsTests.framework; sourceTree = BUILT_PRODUCTS_DIR; };
		42A154A30C079A370001E734 /* Pods-NYCHighSchools-NYCHighSchoolsUITests.release.xcconfig */ = {isa = PBXFileReference; includeInIndex = 1; lastKnownFileType = text.xcconfig; name = "Pods-NYCHighSchools-NYCHighSchoolsUITests.release.xcconfig"; path = "Target Support Files/Pods-NYCHighSchools-NYCHighSchoolsUITests/Pods-NYCHighSchools-NYCHighSchoolsUITests.release.xcconfig"; sourceTree = "<group>"; };
		6850F52ABE97025F24CEA3A0 /* Pods_NYCHighSchools.framework */ = {isa = PBXFileReference; explicitFileType = wrapper.framework; includeInIndex = 0; path = Pods_NYCHighSchools.framework; sourceTree = BUILT_PRODUCTS_DIR; };
		7B5C55163C87A34E964D79BA /* Pods-NYCHighSchools-NYCHighSchoolsUITests.debug.xcconfig */ = {isa = PBXFileReference; includeInIndex = 1; lastKnownFileType = text.xcconfig; name = "Pods-NYCHighSchools-NYCHighSchoolsUITests.debug.xcconfig"; path = "Target Support Files/Pods-NYCHighSchools-NYCHighSchoolsUITests/Pods-NYCHighSchools-NYCHighSchoolsUITests.debug.xcconfig"; sourceTree = "<group>"; };
		B40AF13F2B73E0E20058194C /* NYCHighSchools.app */ = {isa = PBXFileReference; explicitFileType = wrapper.application; includeInIndex = 0; path = NYCHighSchools.app; sourceTree = BUILT_PRODUCTS_DIR; };
		B40AF1422B73E0E20058194C /* NYCHighSchoolsApp.swift */ = {isa = PBXFileReference; lastKnownFileType = sourcecode.swift; path = NYCHighSchoolsApp.swift; sourceTree = "<group>"; };
		B40AF1442B73E0E20058194C /* ContentView.swift */ = {isa = PBXFileReference; lastKnownFileType = sourcecode.swift; path = ContentView.swift; sourceTree = "<group>"; };
		B40AF1462B73E0EA0058194C /* Assets.xcassets */ = {isa = PBXFileReference; lastKnownFileType = folder.assetcatalog; path = Assets.xcassets; sourceTree = "<group>"; };
		B40AF1492B73E0EA0058194C /* Preview Assets.xcassets */ = {isa = PBXFileReference; lastKnownFileType = folder.assetcatalog; path = "Preview Assets.xcassets"; sourceTree = "<group>"; };
		B40AF14F2B73E0EB0058194C /* NYCHighSchoolsTests.xctest */ = {isa = PBXFileReference; explicitFileType = wrapper.cfbundle; includeInIndex = 0; path = NYCHighSchoolsTests.xctest; sourceTree = BUILT_PRODUCTS_DIR; };
		B40AF1532B73E0EB0058194C /* NYCHighSchoolsTests.swift */ = {isa = PBXFileReference; lastKnownFileType = sourcecode.swift; path = NYCHighSchoolsTests.swift; sourceTree = "<group>"; };
		B40AF1592B73E0EB0058194C /* NYCHighSchoolsUITests.xctest */ = {isa = PBXFileReference; explicitFileType = wrapper.cfbundle; includeInIndex = 0; path = NYCHighSchoolsUITests.xctest; sourceTree = BUILT_PRODUCTS_DIR; };
		B40AF15D2B73E0EB0058194C /* NYCHighSchoolsUITests.swift */ = {isa = PBXFileReference; lastKnownFileType = sourcecode.swift; path = NYCHighSchoolsUITests.swift; sourceTree = "<group>"; };
		B40AF15F2B73E0EB0058194C /* NYCHighSchoolsUITestsLaunchTests.swift */ = {isa = PBXFileReference; lastKnownFileType = sourcecode.swift; path = NYCHighSchoolsUITestsLaunchTests.swift; sourceTree = "<group>"; };
		B40AF16C2B73E2050058194C /* NYCSchool.swift */ = {isa = PBXFileReference; lastKnownFileType = sourcecode.swift; path = NYCSchool.swift; sourceTree = "<group>"; };
		B40AF16E2B73E9090058194C /* NYCSchoolRepository.swift */ = {isa = PBXFileReference; lastKnownFileType = sourcecode.swift; path = NYCSchoolRepository.swift; sourceTree = "<group>"; };
		B40AF1702B73E9370058194C /* NYCViewModel.swift */ = {isa = PBXFileReference; lastKnownFileType = sourcecode.swift; path = NYCViewModel.swift; sourceTree = "<group>"; };
		B40AF1722B73F80D0058194C /* DetailView.swift */ = {isa = PBXFileReference; lastKnownFileType = sourcecode.swift; path = DetailView.swift; sourceTree = "<group>"; };
		B40AF1742B740ACC0058194C /* NYCViewModelTests.swift */ = {isa = PBXFileReference; lastKnownFileType = sourcecode.swift; path = NYCViewModelTests.swift; sourceTree = "<group>"; };
		B40AF17C2B743DE90058194C /* FetchNYCSchoolsUseCase.swift */ = {isa = PBXFileReference; lastKnownFileType = sourcecode.swift; path = FetchNYCSchoolsUseCase.swift; sourceTree = "<group>"; };
		B4CED05F2B7FEA3F00F7DC20 /* CleanArchitecture.xcodeproj */ = {isa = PBXFileReference; lastKnownFileType = "wrapper.pb-project"; name = CleanArchitecture.xcodeproj; path = ../CleanArchitecture/CleanArchitecture.xcodeproj; sourceTree = "<group>"; };
		C5A457C7AF6FBCE3FF950C91 /* Pods-NYCHighSchools.release.xcconfig */ = {isa = PBXFileReference; includeInIndex = 1; lastKnownFileType = text.xcconfig; name = "Pods-NYCHighSchools.release.xcconfig"; path = "Target Support Files/Pods-NYCHighSchools/Pods-NYCHighSchools.release.xcconfig"; sourceTree = "<group>"; };
/* End PBXFileReference section */

/* Begin PBXFrameworksBuildPhase section */
		B40AF13C2B73E0E20058194C /* Frameworks */ = {
			isa = PBXFrameworksBuildPhase;
			buildActionMask = 2147483647;
			files = (
				B4CED0652B7FEA5800F7DC20 /* CleanArchitecture.framework in Frameworks */,
				153A8688D85DAD588F787629 /* Pods_NYCHighSchools.framework in Frameworks */,
			);
			runOnlyForDeploymentPostprocessing = 0;
		};
		B40AF14C2B73E0EB0058194C /* Frameworks */ = {
			isa = PBXFrameworksBuildPhase;
			buildActionMask = 2147483647;
			files = (
				87F2A5A8DD7D2F62D0C27120 /* Pods_NYCHighSchoolsTests.framework in Frameworks */,
			);
			runOnlyForDeploymentPostprocessing = 0;
		};
		B40AF1562B73E0EB0058194C /* Frameworks */ = {
			isa = PBXFrameworksBuildPhase;
			buildActionMask = 2147483647;
			files = (
				672534B7E6D207D01DC1AE7E /* Pods_NYCHighSchools_NYCHighSchoolsUITests.framework in Frameworks */,
			);
			runOnlyForDeploymentPostprocessing = 0;
		};
/* End PBXFrameworksBuildPhase section */

/* Begin PBXGroup section */
		61FD20264946748E4DC9AABE /* Frameworks */ = {
			isa = PBXGroup;
			children = (
				6850F52ABE97025F24CEA3A0 /* Pods_NYCHighSchools.framework */,
				367650B9155F9FC66D5AFA50 /* Pods_NYCHighSchools_NYCHighSchoolsUITests.framework */,
				3D95BE0FB76BA592944663AE /* Pods_NYCHighSchoolsTests.framework */,
			);
			name = Frameworks;
			sourceTree = "<group>";
		};
		B40AF1362B73E0E20058194C = {
			isa = PBXGroup;
			children = (
				B4CED05F2B7FEA3F00F7DC20 /* CleanArchitecture.xcodeproj */,
				B40AF1412B73E0E20058194C /* NYCHighSchools */,
				B40AF1522B73E0EB0058194C /* NYCHighSchoolsTests */,
				B40AF15C2B73E0EB0058194C /* NYCHighSchoolsUITests */,
				B40AF1402B73E0E20058194C /* Products */,
				DEE9D69EC9FEEB5592D4991D /* Pods */,
				61FD20264946748E4DC9AABE /* Frameworks */,
			);
			sourceTree = "<group>";
		};
		B40AF1402B73E0E20058194C /* Products */ = {
			isa = PBXGroup;
			children = (
				B40AF13F2B73E0E20058194C /* NYCHighSchools.app */,
				B40AF14F2B73E0EB0058194C /* NYCHighSchoolsTests.xctest */,
				B40AF1592B73E0EB0058194C /* NYCHighSchoolsUITests.xctest */,
			);
			name = Products;
			sourceTree = "<group>";
		};
		B40AF1412B73E0E20058194C /* NYCHighSchools */ = {
			isa = PBXGroup;
			children = (
				B40AF1422B73E0E20058194C /* NYCHighSchoolsApp.swift */,
				B40AF17E2B743DF30058194C /* Use Case */,
				B40AF1782B743D410058194C /* Model */,
				B40AF1772B743D310058194C /* Repository */,
				B40AF1762B743C100058194C /* View Model */,
				B40AF1792B743D520058194C /* View */,
				B40AF1462B73E0EA0058194C /* Assets.xcassets */,
				B40AF1482B73E0EA0058194C /* Preview Content */,
			);
			path = NYCHighSchools;
			sourceTree = "<group>";
		};
		B40AF1482B73E0EA0058194C /* Preview Content */ = {
			isa = PBXGroup;
			children = (
				B40AF1492B73E0EA0058194C /* Preview Assets.xcassets */,
			);
			path = "Preview Content";
			sourceTree = "<group>";
		};
		B40AF1522B73E0EB0058194C /* NYCHighSchoolsTests */ = {
			isa = PBXGroup;
			children = (
				B40AF1532B73E0EB0058194C /* NYCHighSchoolsTests.swift */,
				B40AF1742B740ACC0058194C /* NYCViewModelTests.swift */,
			);
			path = NYCHighSchoolsTests;
			sourceTree = "<group>";
		};
		B40AF15C2B73E0EB0058194C /* NYCHighSchoolsUITests */ = {
			isa = PBXGroup;
			children = (
				B40AF15D2B73E0EB0058194C /* NYCHighSchoolsUITests.swift */,
				B40AF15F2B73E0EB0058194C /* NYCHighSchoolsUITestsLaunchTests.swift */,
			);
			path = NYCHighSchoolsUITests;
			sourceTree = "<group>";
		};
		B40AF1762B743C100058194C /* View Model */ = {
			isa = PBXGroup;
			children = (
				B40AF1702B73E9370058194C /* NYCViewModel.swift */,
			);
			path = "View Model";
			sourceTree = "<group>";
		};
		B40AF1772B743D310058194C /* Repository */ = {
			isa = PBXGroup;
			children = (
				B40AF16E2B73E9090058194C /* NYCSchoolRepository.swift */,
			);
			path = Repository;
			sourceTree = "<group>";
		};
		B40AF1782B743D410058194C /* Model */ = {
			isa = PBXGroup;
			children = (
				B40AF16C2B73E2050058194C /* NYCSchool.swift */,
			);
			path = Model;
			sourceTree = "<group>";
		};
		B40AF1792B743D520058194C /* View */ = {
			isa = PBXGroup;
			children = (
				B40AF17A2B743D5D0058194C /* Content */,
				B40AF17B2B743D670058194C /* Detail */,
			);
			path = View;
			sourceTree = "<group>";
		};
		B40AF17A2B743D5D0058194C /* Content */ = {
			isa = PBXGroup;
			children = (
				B40AF1442B73E0E20058194C /* ContentView.swift */,
			);
			path = Content;
			sourceTree = "<group>";
		};
		B40AF17B2B743D670058194C /* Detail */ = {
			isa = PBXGroup;
			children = (
				B40AF1722B73F80D0058194C /* DetailView.swift */,
			);
			path = Detail;
			sourceTree = "<group>";
		};
		B40AF17E2B743DF30058194C /* Use Case */ = {
			isa = PBXGroup;
			children = (
				B40AF17C2B743DE90058194C /* FetchNYCSchoolsUseCase.swift */,
			);
			path = "Use Case";
			sourceTree = "<group>";
		};
		B4CED0602B7FEA3F00F7DC20 /* Products */ = {
			isa = PBXGroup;
			children = (
				B4CED0642B7FEA3F00F7DC20 /* CleanArchitecture.framework */,
			);
			name = Products;
			sourceTree = "<group>";
		};
		DEE9D69EC9FEEB5592D4991D /* Pods */ = {
			isa = PBXGroup;
			children = (
				0709C3F4059F2C3BE6760A58 /* Pods-NYCHighSchools.debug.xcconfig */,
				C5A457C7AF6FBCE3FF950C91 /* Pods-NYCHighSchools.release.xcconfig */,
				7B5C55163C87A34E964D79BA /* Pods-NYCHighSchools-NYCHighSchoolsUITests.debug.xcconfig */,
				42A154A30C079A370001E734 /* Pods-NYCHighSchools-NYCHighSchoolsUITests.release.xcconfig */,
				04895D1D375C5F2614B95C35 /* Pods-NYCHighSchoolsTests.debug.xcconfig */,
				0C4BDEF528B86F21991CE4EC /* Pods-NYCHighSchoolsTests.release.xcconfig */,
			);
			path = Pods;
			sourceTree = "<group>";
		};
/* End PBXGroup section */

/* Begin PBXNativeTarget section */
		B40AF13E2B73E0E20058194C /* NYCHighSchools */ = {
			isa = PBXNativeTarget;
			buildConfigurationList = B40AF1632B73E0EB0058194C /* Build configuration list for PBXNativeTarget "NYCHighSchools" */;
			buildPhases = (
				02ECFD29685C689CF3C65F35 /* [CP] Check Pods Manifest.lock */,
				B40AF13B2B73E0E20058194C /* Sources */,
				B40AF13C2B73E0E20058194C /* Frameworks */,
				B40AF13D2B73E0E20058194C /* Resources */,
			);
			buildRules = (
			);
			dependencies = (
			);
			name = NYCHighSchools;
			productName = NYCHighSchools;
			productReference = B40AF13F2B73E0E20058194C /* NYCHighSchools.app */;
			productType = "com.apple.product-type.application";
		};
		B40AF14E2B73E0EB0058194C /* NYCHighSchoolsTests */ = {
			isa = PBXNativeTarget;
			buildConfigurationList = B40AF1662B73E0EB0058194C /* Build configuration list for PBXNativeTarget "NYCHighSchoolsTests" */;
			buildPhases = (
				1C6E587D15080FD0B80E7887 /* [CP] Check Pods Manifest.lock */,
				B40AF14B2B73E0EB0058194C /* Sources */,
				B40AF14C2B73E0EB0058194C /* Frameworks */,
				B40AF14D2B73E0EB0058194C /* Resources */,
			);
			buildRules = (
			);
			dependencies = (
				B40AF1512B73E0EB0058194C /* PBXTargetDependency */,
			);
			name = NYCHighSchoolsTests;
			productName = NYCHighSchoolsTests;
			productReference = B40AF14F2B73E0EB0058194C /* NYCHighSchoolsTests.xctest */;
			productType = "com.apple.product-type.bundle.unit-test";
		};
		B40AF1582B73E0EB0058194C /* NYCHighSchoolsUITests */ = {
			isa = PBXNativeTarget;
			buildConfigurationList = B40AF1692B73E0EB0058194C /* Build configuration list for PBXNativeTarget "NYCHighSchoolsUITests" */;
			buildPhases = (
				EDF2607BF8F708ABBB82843B /* [CP] Check Pods Manifest.lock */,
				B40AF1552B73E0EB0058194C /* Sources */,
				B40AF1562B73E0EB0058194C /* Frameworks */,
				B40AF1572B73E0EB0058194C /* Resources */,
			);
			buildRules = (
			);
			dependencies = (
				B40AF15B2B73E0EB0058194C /* PBXTargetDependency */,
			);
			name = NYCHighSchoolsUITests;
			productName = NYCHighSchoolsUITests;
			productReference = B40AF1592B73E0EB0058194C /* NYCHighSchoolsUITests.xctest */;
			productType = "com.apple.product-type.bundle.ui-testing";
		};
/* End PBXNativeTarget section */

/* Begin PBXProject section */
		B40AF1372B73E0E20058194C /* Project object */ = {
			isa = PBXProject;
			attributes = {
				BuildIndependentTargetsInParallel = 1;
				LastSwiftUpdateCheck = 1520;
				LastUpgradeCheck = 1520;
				TargetAttributes = {
					B40AF13E2B73E0E20058194C = {
						CreatedOnToolsVersion = 15.2;
					};
					B40AF14E2B73E0EB0058194C = {
						CreatedOnToolsVersion = 15.2;
						TestTargetID = B40AF13E2B73E0E20058194C;
					};
					B40AF1582B73E0EB0058194C = {
						CreatedOnToolsVersion = 15.2;
						TestTargetID = B40AF13E2B73E0E20058194C;
					};
				};
			};
			buildConfigurationList = B40AF13A2B73E0E20058194C /* Build configuration list for PBXProject "NYCHighSchools" */;
			compatibilityVersion = "Xcode 14.0";
			developmentRegion = en;
			hasScannedForEncodings = 0;
			knownRegions = (
				en,
				Base,
			);
			mainGroup = B40AF1362B73E0E20058194C;
			productRefGroup = B40AF1402B73E0E20058194C /* Products */;
			projectDirPath = "";
			projectReferences = (
				{
					ProductGroup = B4CED0602B7FEA3F00F7DC20 /* Products */;
					ProjectRef = B4CED05F2B7FEA3F00F7DC20 /* CleanArchitecture.xcodeproj */;
				},
			);
			projectRoot = "";
			targets = (
				B40AF13E2B73E0E20058194C /* NYCHighSchools */,
				B40AF14E2B73E0EB0058194C /* NYCHighSchoolsTests */,
				B40AF1582B73E0EB0058194C /* NYCHighSchoolsUITests */,
			);
		};
/* End PBXProject section */

/* Begin PBXReferenceProxy section */
		B4CED0642B7FEA3F00F7DC20 /* CleanArchitecture.framework */ = {
			isa = PBXReferenceProxy;
			fileType = wrapper.framework;
			path = CleanArchitecture.framework;
			remoteRef = B4CED0632B7FEA3F00F7DC20 /* PBXContainerItemProxy */;
			sourceTree = BUILT_PRODUCTS_DIR;
		};
/* End PBXReferenceProxy section */

/* Begin PBXResourcesBuildPhase section */
		B40AF13D2B73E0E20058194C /* Resources */ = {
			isa = PBXResourcesBuildPhase;
			buildActionMask = 2147483647;
			files = (
				B40AF14A2B73E0EA0058194C /* Preview Assets.xcassets in Resources */,
				B40AF1472B73E0EA0058194C /* Assets.xcassets in Resources */,
			);
			runOnlyForDeploymentPostprocessing = 0;
		};
		B40AF14D2B73E0EB0058194C /* Resources */ = {
			isa = PBXResourcesBuildPhase;
			buildActionMask = 2147483647;
			files = (
			);
			runOnlyForDeploymentPostprocessing = 0;
		};
		B40AF1572B73E0EB0058194C /* Resources */ = {
			isa = PBXResourcesBuildPhase;
			buildActionMask = 2147483647;
			files = (
			);
			runOnlyForDeploymentPostprocessing = 0;
		};
/* End PBXResourcesBuildPhase section */

/* Begin PBXShellScriptBuildPhase section */
		02ECFD29685C689CF3C65F35 /* [CP] Check Pods Manifest.lock */ = {
			isa = PBXShellScriptBuildPhase;
			buildActionMask = 2147483647;
			files = (
			);
			inputFileListPaths = (
			);
			inputPaths = (
				"${PODS_PODFILE_DIR_PATH}/Podfile.lock",
				"${PODS_ROOT}/Manifest.lock",
			);
			name = "[CP] Check Pods Manifest.lock";
			outputFileListPaths = (
			);
			outputPaths = (
				"$(DERIVED_FILE_DIR)/Pods-NYCHighSchools-checkManifestLockResult.txt",
			);
			runOnlyForDeploymentPostprocessing = 0;
			shellPath = /bin/sh;
			shellScript = "diff \"${PODS_PODFILE_DIR_PATH}/Podfile.lock\" \"${PODS_ROOT}/Manifest.lock\" > /dev/null\nif [ $? != 0 ] ; then\n    # print error to STDERR\n    echo \"error: The sandbox is not in sync with the Podfile.lock. Run 'pod install' or update your CocoaPods installation.\" >&2\n    exit 1\nfi\n# This output is used by Xcode 'outputs' to avoid re-running this script phase.\necho \"SUCCESS\" > \"${SCRIPT_OUTPUT_FILE_0}\"\n";
			showEnvVarsInLog = 0;
		};
		1C6E587D15080FD0B80E7887 /* [CP] Check Pods Manifest.lock */ = {
			isa = PBXShellScriptBuildPhase;
			buildActionMask = 2147483647;
			files = (
			);
			inputFileListPaths = (
			);
			inputPaths = (
				"${PODS_PODFILE_DIR_PATH}/Podfile.lock",
				"${PODS_ROOT}/Manifest.lock",
			);
			name = "[CP] Check Pods Manifest.lock";
			outputFileListPaths = (
			);
			outputPaths = (
				"$(DERIVED_FILE_DIR)/Pods-NYCHighSchoolsTests-checkManifestLockResult.txt",
			);
			runOnlyForDeploymentPostprocessing = 0;
			shellPath = /bin/sh;
			shellScript = "diff \"${PODS_PODFILE_DIR_PATH}/Podfile.lock\" \"${PODS_ROOT}/Manifest.lock\" > /dev/null\nif [ $? != 0 ] ; then\n    # print error to STDERR\n    echo \"error: The sandbox is not in sync with the Podfile.lock. Run 'pod install' or update your CocoaPods installation.\" >&2\n    exit 1\nfi\n# This output is used by Xcode 'outputs' to avoid re-running this script phase.\necho \"SUCCESS\" > \"${SCRIPT_OUTPUT_FILE_0}\"\n";
			showEnvVarsInLog = 0;
		};
		EDF2607BF8F708ABBB82843B /* [CP] Check Pods Manifest.lock */ = {
			isa = PBXShellScriptBuildPhase;
			buildActionMask = 2147483647;
			files = (
			);
			inputFileListPaths = (
			);
			inputPaths = (
				"${PODS_PODFILE_DIR_PATH}/Podfile.lock",
				"${PODS_ROOT}/Manifest.lock",
			);
			name = "[CP] Check Pods Manifest.lock";
			outputFileListPaths = (
			);
			outputPaths = (
				"$(DERIVED_FILE_DIR)/Pods-NYCHighSchools-NYCHighSchoolsUITests-checkManifestLockResult.txt",
			);
			runOnlyForDeploymentPostprocessing = 0;
			shellPath = /bin/sh;
			shellScript = "diff \"${PODS_PODFILE_DIR_PATH}/Podfile.lock\" \"${PODS_ROOT}/Manifest.lock\" > /dev/null\nif [ $? != 0 ] ; then\n    # print error to STDERR\n    echo \"error: The sandbox is not in sync with the Podfile.lock. Run 'pod install' or update your CocoaPods installation.\" >&2\n    exit 1\nfi\n# This output is used by Xcode 'outputs' to avoid re-running this script phase.\necho \"SUCCESS\" > \"${SCRIPT_OUTPUT_FILE_0}\"\n";
			showEnvVarsInLog = 0;
		};
/* End PBXShellScriptBuildPhase section */

/* Begin PBXSourcesBuildPhase section */
		B40AF13B2B73E0E20058194C /* Sources */ = {
			isa = PBXSourcesBuildPhase;
			buildActionMask = 2147483647;
			files = (
				B40AF17D2B743DE90058194C /* FetchNYCSchoolsUseCase.swift in Sources */,
				B40AF16F2B73E9090058194C /* NYCSchoolRepository.swift in Sources */,
				B40AF1732B73F80D0058194C /* DetailView.swift in Sources */,
				B40AF1452B73E0E20058194C /* ContentView.swift in Sources */,
				B40AF16D2B73E2050058194C /* NYCSchool.swift in Sources */,
				B40AF1432B73E0E20058194C /* NYCHighSchoolsApp.swift in Sources */,
				B40AF1712B73E9370058194C /* NYCViewModel.swift in Sources */,
			);
			runOnlyForDeploymentPostprocessing = 0;
		};
		B40AF14B2B73E0EB0058194C /* Sources */ = {
			isa = PBXSourcesBuildPhase;
			buildActionMask = 2147483647;
			files = (
				B40AF1542B73E0EB0058194C /* NYCHighSchoolsTests.swift in Sources */,
				B40AF1752B740ACC0058194C /* NYCViewModelTests.swift in Sources */,
			);
			runOnlyForDeploymentPostprocessing = 0;
		};
		B40AF1552B73E0EB0058194C /* Sources */ = {
			isa = PBXSourcesBuildPhase;
			buildActionMask = 2147483647;
			files = (
				B40AF15E2B73E0EB0058194C /* NYCHighSchoolsUITests.swift in Sources */,
				B40AF1602B73E0EB0058194C /* NYCHighSchoolsUITestsLaunchTests.swift in Sources */,
			);
			runOnlyForDeploymentPostprocessing = 0;
		};
/* End PBXSourcesBuildPhase section */

/* Begin PBXTargetDependency section */
		B40AF1512B73E0EB0058194C /* PBXTargetDependency */ = {
			isa = PBXTargetDependency;
			target = B40AF13E2B73E0E20058194C /* NYCHighSchools */;
			targetProxy = B40AF1502B73E0EB0058194C /* PBXContainerItemProxy */;
		};
		B40AF15B2B73E0EB0058194C /* PBXTargetDependency */ = {
			isa = PBXTargetDependency;
			target = B40AF13E2B73E0E20058194C /* NYCHighSchools */;
			targetProxy = B40AF15A2B73E0EB0058194C /* PBXContainerItemProxy */;
		};
/* End PBXTargetDependency section */

/* Begin XCBuildConfiguration section */
		B40AF1612B73E0EB0058194C /* Debug */ = {
			isa = XCBuildConfiguration;
			buildSettings = {
				ALWAYS_SEARCH_USER_PATHS = NO;
				ASSETCATALOG_COMPILER_GENERATE_SWIFT_ASSET_SYMBOL_EXTENSIONS = YES;
				CLANG_ANALYZER_NONNULL = YES;
				CLANG_ANALYZER_NUMBER_OBJECT_CONVERSION = YES_AGGRESSIVE;
				CLANG_CXX_LANGUAGE_STANDARD = "gnu++20";
				CLANG_ENABLE_MODULES = YES;
				CLANG_ENABLE_OBJC_ARC = YES;
				CLANG_ENABLE_OBJC_WEAK = YES;
				CLANG_WARN_BLOCK_CAPTURE_AUTORELEASING = YES;
				CLANG_WARN_BOOL_CONVERSION = YES;
				CLANG_WARN_COMMA = YES;
				CLANG_WARN_CONSTANT_CONVERSION = YES;
				CLANG_WARN_DEPRECATED_OBJC_IMPLEMENTATIONS = YES;
				CLANG_WARN_DIRECT_OBJC_ISA_USAGE = YES_ERROR;
				CLANG_WARN_DOCUMENTATION_COMMENTS = YES;
				CLANG_WARN_EMPTY_BODY = YES;
				CLANG_WARN_ENUM_CONVERSION = YES;
				CLANG_WARN_INFINITE_RECURSION = YES;
				CLANG_WARN_INT_CONVERSION = YES;
				CLANG_WARN_NON_LITERAL_NULL_CONVERSION = YES;
				CLANG_WARN_OBJC_IMPLICIT_RETAIN_SELF = YES;
				CLANG_WARN_OBJC_LITERAL_CONVERSION = YES;
				CLANG_WARN_OBJC_ROOT_CLASS = YES_ERROR;
				CLANG_WARN_QUOTED_INCLUDE_IN_FRAMEWORK_HEADER = YES;
				CLANG_WARN_RANGE_LOOP_ANALYSIS = YES;
				CLANG_WARN_STRICT_PROTOTYPES = YES;
				CLANG_WARN_SUSPICIOUS_MOVE = YES;
				CLANG_WARN_UNGUARDED_AVAILABILITY = YES_AGGRESSIVE;
				CLANG_WARN_UNREACHABLE_CODE = YES;
				CLANG_WARN__DUPLICATE_METHOD_MATCH = YES;
				COPY_PHASE_STRIP = NO;
				DEBUG_INFORMATION_FORMAT = dwarf;
				ENABLE_STRICT_OBJC_MSGSEND = YES;
				ENABLE_TESTABILITY = YES;
				ENABLE_USER_SCRIPT_SANDBOXING = YES;
				GCC_C_LANGUAGE_STANDARD = gnu17;
				GCC_DYNAMIC_NO_PIC = NO;
				GCC_NO_COMMON_BLOCKS = YES;
				GCC_OPTIMIZATION_LEVEL = 0;
				GCC_PREPROCESSOR_DEFINITIONS = (
					"DEBUG=1",
					"$(inherited)",
				);
				GCC_WARN_64_TO_32_BIT_CONVERSION = YES;
				GCC_WARN_ABOUT_RETURN_TYPE = YES_ERROR;
				GCC_WARN_UNDECLARED_SELECTOR = YES;
				GCC_WARN_UNINITIALIZED_AUTOS = YES_AGGRESSIVE;
				GCC_WARN_UNUSED_FUNCTION = YES;
				GCC_WARN_UNUSED_VARIABLE = YES;
				IPHONEOS_DEPLOYMENT_TARGET = 17.2;
				LOCALIZATION_PREFERS_STRING_CATALOGS = YES;
				MTL_ENABLE_DEBUG_INFO = INCLUDE_SOURCE;
				MTL_FAST_MATH = YES;
				ONLY_ACTIVE_ARCH = YES;
				SDKROOT = iphoneos;
				SWIFT_ACTIVE_COMPILATION_CONDITIONS = "DEBUG $(inherited)";
				SWIFT_OPTIMIZATION_LEVEL = "-Onone";
			};
			name = Debug;
		};
		B40AF1622B73E0EB0058194C /* Release */ = {
			isa = XCBuildConfiguration;
			buildSettings = {
				ALWAYS_SEARCH_USER_PATHS = NO;
				ASSETCATALOG_COMPILER_GENERATE_SWIFT_ASSET_SYMBOL_EXTENSIONS = YES;
				CLANG_ANALYZER_NONNULL = YES;
				CLANG_ANALYZER_NUMBER_OBJECT_CONVERSION = YES_AGGRESSIVE;
				CLANG_CXX_LANGUAGE_STANDARD = "gnu++20";
				CLANG_ENABLE_MODULES = YES;
				CLANG_ENABLE_OBJC_ARC = YES;
				CLANG_ENABLE_OBJC_WEAK = YES;
				CLANG_WARN_BLOCK_CAPTURE_AUTORELEASING = YES;
				CLANG_WARN_BOOL_CONVERSION = YES;
				CLANG_WARN_COMMA = YES;
				CLANG_WARN_CONSTANT_CONVERSION = YES;
				CLANG_WARN_DEPRECATED_OBJC_IMPLEMENTATIONS = YES;
				CLANG_WARN_DIRECT_OBJC_ISA_USAGE = YES_ERROR;
				CLANG_WARN_DOCUMENTATION_COMMENTS = YES;
				CLANG_WARN_EMPTY_BODY = YES;
				CLANG_WARN_ENUM_CONVERSION = YES;
				CLANG_WARN_INFINITE_RECURSION = YES;
				CLANG_WARN_INT_CONVERSION = YES;
				CLANG_WARN_NON_LITERAL_NULL_CONVERSION = YES;
				CLANG_WARN_OBJC_IMPLICIT_RETAIN_SELF = YES;
				CLANG_WARN_OBJC_LITERAL_CONVERSION = YES;
				CLANG_WARN_OBJC_ROOT_CLASS = YES_ERROR;
				CLANG_WARN_QUOTED_INCLUDE_IN_FRAMEWORK_HEADER = YES;
				CLANG_WARN_RANGE_LOOP_ANALYSIS = YES;
				CLANG_WARN_STRICT_PROTOTYPES = YES;
				CLANG_WARN_SUSPICIOUS_MOVE = YES;
				CLANG_WARN_UNGUARDED_AVAILABILITY = YES_AGGRESSIVE;
				CLANG_WARN_UNREACHABLE_CODE = YES;
				CLANG_WARN__DUPLICATE_METHOD_MATCH = YES;
				COPY_PHASE_STRIP = NO;
				DEBUG_INFORMATION_FORMAT = "dwarf-with-dsym";
				ENABLE_NS_ASSERTIONS = NO;
				ENABLE_STRICT_OBJC_MSGSEND = YES;
				ENABLE_USER_SCRIPT_SANDBOXING = YES;
				GCC_C_LANGUAGE_STANDARD = gnu17;
				GCC_NO_COMMON_BLOCKS = YES;
				GCC_WARN_64_TO_32_BIT_CONVERSION = YES;
				GCC_WARN_ABOUT_RETURN_TYPE = YES_ERROR;
				GCC_WARN_UNDECLARED_SELECTOR = YES;
				GCC_WARN_UNINITIALIZED_AUTOS = YES_AGGRESSIVE;
				GCC_WARN_UNUSED_FUNCTION = YES;
				GCC_WARN_UNUSED_VARIABLE = YES;
				IPHONEOS_DEPLOYMENT_TARGET = 17.2;
				LOCALIZATION_PREFERS_STRING_CATALOGS = YES;
				MTL_ENABLE_DEBUG_INFO = NO;
				MTL_FAST_MATH = YES;
				SDKROOT = iphoneos;
				SWIFT_COMPILATION_MODE = wholemodule;
				VALIDATE_PRODUCT = YES;
			};
			name = Release;
		};
		B40AF1642B73E0EB0058194C /* Debug */ = {
			isa = XCBuildConfiguration;
			baseConfigurationReference = 0709C3F4059F2C3BE6760A58 /* Pods-NYCHighSchools.debug.xcconfig */;
			buildSettings = {
				ASSETCATALOG_COMPILER_APPICON_NAME = AppIcon;
				ASSETCATALOG_COMPILER_GLOBAL_ACCENT_COLOR_NAME = AccentColor;
				CODE_SIGN_STYLE = Automatic;
				CURRENT_PROJECT_VERSION = 1;
				DEVELOPMENT_ASSET_PATHS = "\"NYCHighSchools/Preview Content\"";
				DEVELOPMENT_TEAM = K4XCB84M6V;
				ENABLE_PREVIEWS = YES;
				GENERATE_INFOPLIST_FILE = YES;
				INFOPLIST_KEY_UIApplicationSceneManifest_Generation = YES;
				INFOPLIST_KEY_UIApplicationSupportsIndirectInputEvents = YES;
				INFOPLIST_KEY_UILaunchScreen_Generation = YES;
				INFOPLIST_KEY_UISupportedInterfaceOrientations_iPad = "UIInterfaceOrientationPortrait UIInterfaceOrientationPortraitUpsideDown UIInterfaceOrientationLandscapeLeft UIInterfaceOrientationLandscapeRight";
				INFOPLIST_KEY_UISupportedInterfaceOrientations_iPhone = "UIInterfaceOrientationPortrait UIInterfaceOrientationLandscapeLeft UIInterfaceOrientationLandscapeRight";
				LD_RUNPATH_SEARCH_PATHS = (
					"$(inherited)",
					"@executable_path/Frameworks",
				);
				MARKETING_VERSION = 1.0;
				PRODUCT_BUNDLE_IDENTIFIER = com.streats.NYCHighSchools;
				PRODUCT_NAME = "$(TARGET_NAME)";
				SWIFT_EMIT_LOC_STRINGS = YES;
				SWIFT_VERSION = 5.0;
				TARGETED_DEVICE_FAMILY = "1,2";
			};
			name = Debug;
		};
		B40AF1652B73E0EB0058194C /* Release */ = {
			isa = XCBuildConfiguration;
			baseConfigurationReference = C5A457C7AF6FBCE3FF950C91 /* Pods-NYCHighSchools.release.xcconfig */;
			buildSettings = {
				ASSETCATALOG_COMPILER_APPICON_NAME = AppIcon;
				ASSETCATALOG_COMPILER_GLOBAL_ACCENT_COLOR_NAME = AccentColor;
				CODE_SIGN_STYLE = Automatic;
				CURRENT_PROJECT_VERSION = 1;
				DEVELOPMENT_ASSET_PATHS = "\"NYCHighSchools/Preview Content\"";
				DEVELOPMENT_TEAM = K4XCB84M6V;
				ENABLE_PREVIEWS = YES;
				GENERATE_INFOPLIST_FILE = YES;
				INFOPLIST_KEY_UIApplicationSceneManifest_Generation = YES;
				INFOPLIST_KEY_UIApplicationSupportsIndirectInputEvents = YES;
				INFOPLIST_KEY_UILaunchScreen_Generation = YES;
				INFOPLIST_KEY_UISupportedInterfaceOrientations_iPad = "UIInterfaceOrientationPortrait UIInterfaceOrientationPortraitUpsideDown UIInterfaceOrientationLandscapeLeft UIInterfaceOrientationLandscapeRight";
				INFOPLIST_KEY_UISupportedInterfaceOrientations_iPhone = "UIInterfaceOrientationPortrait UIInterfaceOrientationLandscapeLeft UIInterfaceOrientationLandscapeRight";
				LD_RUNPATH_SEARCH_PATHS = (
					"$(inherited)",
					"@executable_path/Frameworks",
				);
				MARKETING_VERSION = 1.0;
				PRODUCT_BUNDLE_IDENTIFIER = com.streats.NYCHighSchools;
				PRODUCT_NAME = "$(TARGET_NAME)";
				SWIFT_EMIT_LOC_STRINGS = YES;
				SWIFT_VERSION = 5.0;
				TARGETED_DEVICE_FAMILY = "1,2";
			};
			name = Release;
		};
		B40AF1672B73E0EB0058194C /* Debug */ = {
			isa = XCBuildConfiguration;
			baseConfigurationReference = 04895D1D375C5F2614B95C35 /* Pods-NYCHighSchoolsTests.debug.xcconfig */;
			buildSettings = {
				ALWAYS_EMBED_SWIFT_STANDARD_LIBRARIES = YES;
				BUNDLE_LOADER = "$(TEST_HOST)";
				CODE_SIGN_STYLE = Automatic;
				CURRENT_PROJECT_VERSION = 1;
				DEVELOPMENT_TEAM = K4XCB84M6V;
				GENERATE_INFOPLIST_FILE = YES;
				IPHONEOS_DEPLOYMENT_TARGET = 17.2;
				MARKETING_VERSION = 1.0;
				PRODUCT_BUNDLE_IDENTIFIER = com.streats.NYCHighSchoolsTests;
				PRODUCT_NAME = "$(TARGET_NAME)";
				SWIFT_EMIT_LOC_STRINGS = NO;
				SWIFT_VERSION = 5.0;
				TARGETED_DEVICE_FAMILY = "1,2";
				TEST_HOST = "$(BUILT_PRODUCTS_DIR)/NYCHighSchools.app/$(BUNDLE_EXECUTABLE_FOLDER_PATH)/NYCHighSchools";
			};
			name = Debug;
		};
		B40AF1682B73E0EB0058194C /* Release */ = {
			isa = XCBuildConfiguration;
			baseConfigurationReference = 0C4BDEF528B86F21991CE4EC /* Pods-NYCHighSchoolsTests.release.xcconfig */;
			buildSettings = {
				ALWAYS_EMBED_SWIFT_STANDARD_LIBRARIES = YES;
				BUNDLE_LOADER = "$(TEST_HOST)";
				CODE_SIGN_STYLE = Automatic;
				CURRENT_PROJECT_VERSION = 1;
				DEVELOPMENT_TEAM = K4XCB84M6V;
				GENERATE_INFOPLIST_FILE = YES;
				IPHONEOS_DEPLOYMENT_TARGET = 17.2;
				MARKETING_VERSION = 1.0;
				PRODUCT_BUNDLE_IDENTIFIER = com.streats.NYCHighSchoolsTests;
				PRODUCT_NAME = "$(TARGET_NAME)";
				SWIFT_EMIT_LOC_STRINGS = NO;
				SWIFT_VERSION = 5.0;
				TARGETED_DEVICE_FAMILY = "1,2";
				TEST_HOST = "$(BUILT_PRODUCTS_DIR)/NYCHighSchools.app/$(BUNDLE_EXECUTABLE_FOLDER_PATH)/NYCHighSchools";
			};
			name = Release;
		};
		B40AF16A2B73E0EB0058194C /* Debug */ = {
			isa = XCBuildConfiguration;
			baseConfigurationReference = 7B5C55163C87A34E964D79BA /* Pods-NYCHighSchools-NYCHighSchoolsUITests.debug.xcconfig */;
			buildSettings = {
				ALWAYS_EMBED_SWIFT_STANDARD_LIBRARIES = YES;
				CODE_SIGN_STYLE = Automatic;
				CURRENT_PROJECT_VERSION = 1;
				DEVELOPMENT_TEAM = K4XCB84M6V;
				GENERATE_INFOPLIST_FILE = YES;
				MARKETING_VERSION = 1.0;
				PRODUCT_BUNDLE_IDENTIFIER = com.streats.NYCHighSchoolsUITests;
				PRODUCT_NAME = "$(TARGET_NAME)";
				SWIFT_EMIT_LOC_STRINGS = NO;
				SWIFT_VERSION = 5.0;
				TARGETED_DEVICE_FAMILY = "1,2";
				TEST_TARGET_NAME = NYCHighSchools;
			};
			name = Debug;
		};
		B40AF16B2B73E0EB0058194C /* Release */ = {
			isa = XCBuildConfiguration;
			baseConfigurationReference = 42A154A30C079A370001E734 /* Pods-NYCHighSchools-NYCHighSchoolsUITests.release.xcconfig */;
			buildSettings = {
				ALWAYS_EMBED_SWIFT_STANDARD_LIBRARIES = YES;
				CODE_SIGN_STYLE = Automatic;
				CURRENT_PROJECT_VERSION = 1;
				DEVELOPMENT_TEAM = K4XCB84M6V;
				GENERATE_INFOPLIST_FILE = YES;
				MARKETING_VERSION = 1.0;
				PRODUCT_BUNDLE_IDENTIFIER = com.streats.NYCHighSchoolsUITests;
				PRODUCT_NAME = "$(TARGET_NAME)";
				SWIFT_EMIT_LOC_STRINGS = NO;
				SWIFT_VERSION = 5.0;
				TARGETED_DEVICE_FAMILY = "1,2";
				TEST_TARGET_NAME = NYCHighSchools;
			};
			name = Release;
		};
/* End XCBuildConfiguration section */

/* Begin XCConfigurationList section */
		B40AF13A2B73E0E20058194C /* Build configuration list for PBXProject "NYCHighSchools" */ = {
			isa = XCConfigurationList;
			buildConfigurations = (
				B40AF1612B73E0EB0058194C /* Debug */,
				B40AF1622B73E0EB0058194C /* Release */,
			);
			defaultConfigurationIsVisible = 0;
			defaultConfigurationName = Release;
		};
		B40AF1632B73E0EB0058194C /* Build configuration list for PBXNativeTarget "NYCHighSchools" */ = {
			isa = XCConfigurationList;
			buildConfigurations = (
				B40AF1642B73E0EB0058194C /* Debug */,
				B40AF1652B73E0EB0058194C /* Release */,
			);
			defaultConfigurationIsVisible = 0;
			defaultConfigurationName = Release;
		};
		B40AF1662B73E0EB0058194C /* Build configuration list for PBXNativeTarget "NYCHighSchoolsTests" */ = {
			isa = XCConfigurationList;
			buildConfigurations = (
				B40AF1672B73E0EB0058194C /* Debug */,
				B40AF1682B73E0EB0058194C /* Release */,
			);
			defaultConfigurationIsVisible = 0;
			defaultConfigurationName = Release;
		};
		B40AF1692B73E0EB0058194C /* Build configuration list for PBXNativeTarget "NYCHighSchoolsUITests" */ = {
			isa = XCConfigurationList;
			buildConfigurations = (
				B40AF16A2B73E0EB0058194C /* Debug */,
				B40AF16B2B73E0EB0058194C /* Release */,
			);
			defaultConfigurationIsVisible = 0;
			defaultConfigurationName = Release;
		};
/* End XCConfigurationList section */
	};
	rootObject = B40AF1372B73E0E20058194C /* Project object */;
}
